
Microsoft Visual Studio Solution File, Format Version 12.00
# Visual Studio Version 16
VisualStudioVersion = 16.0.30804.86
MinimumVisualStudioVersion = 10.0.40219.1
Project("{FAE04EC0-301F-11D3-BF4B-00C04F79EFBC}") = "BOOKRENTALSERVICE", "BOOKRENTALSERVICE\BOOKRENTALSERVICE.csproj", "{0F8B8648-9FD7-4F4C-B92E-A001BB3079FE}"
EndProject
Global
	GlobalSection(SolutionConfigurationPlatforms) = preSolution
		Debug|Any CPU = Debug|Any CPU
		Release|Any CPU = Release|Any CPU
	EndGlobalSection
	GlobalSection(ProjectConfigurationPlatforms) = postSolution
		{0F8B8648-9FD7-4F4C-B92E-A001BB3079FE}.Debug|Any CPU.ActiveCfg = Debug|Any CPU
		{0F8B8648-9FD7-4F4C-B92E-A001BB3079FE}.Debug|Any CPU.Build.0 = Debug|Any CPU
		{0F8B8648-9FD7-4F4C-B92E-A001BB3079FE}.Release|Any CPU.ActiveCfg = Release|Any CPU
		{0F8B8648-9FD7-4F4C-B92E-A001BB3079FE}.Release|Any CPU.Build.0 = Release|Any CPU
	EndGlobalSection
	GlobalSection(SolutionProperties) = preSolution
		HideSolutionNode = FALSE
	EndGlobalSection
	GlobalSection(ExtensibilityGlobals) = postSolution
		SolutionGuid = {9582C8A1-A80A-4C65-9F99-0BC39DBB2203}
	EndGlobalSection
EndGlobal
